
Microsoft Visual Studio Solution File, Format Version 12.00
# Visual Studio 15
VisualStudioVersion = 15.0.26228.9
MinimumVisualStudioVersion = 10.0.40219.1
Project("{FAE04EC0-301F-11D3-BF4B-00C04F79EFBC}") = "WindowsForms", "WindowsForms\WindowsForms.csproj", "{D55AA667-5B8C-4C05-8F4F-D97A534DDFE0}"
	ProjectSection(ProjectDependencies) = postProject
		{F12D39BD-6B51-4AC8-BCA7-F3CAD06ED97C} = {F12D39BD-6B51-4AC8-BCA7-F3CAD06ED97C}
	EndProjectSection
EndProject
Project("{FAE04EC0-301F-11D3-BF4B-00C04F79EFBC}") = "WcfService", "WcfService\WcfService.csproj", "{F12D39BD-6B51-4AC8-BCA7-F3CAD06ED97C}"
EndProject
Global
	GlobalSection(SolutionConfigurationPlatforms) = preSolution
		Debug|Any CPU = Debug|Any CPU
		Release|Any CPU = Release|Any CPU
	EndGlobalSection
	GlobalSection(ProjectConfigurationPlatforms) = postSolution
		{D55AA667-5B8C-4C05-8F4F-D97A534DDFE0}.Debug|Any CPU.ActiveCfg = Debug|Any CPU
		{D55AA667-5B8C-4C05-8F4F-D97A534DDFE0}.Debug|Any CPU.Build.0 = Debug|Any CPU
		{D55AA667-5B8C-4C05-8F4F-D97A534DDFE0}.Release|Any CPU.ActiveCfg = Release|Any CPU
		{D55AA667-5B8C-4C05-8F4F-D97A534DDFE0}.Release|Any CPU.Build.0 = Release|Any CPU
		{F12D39BD-6B51-4AC8-BCA7-F3CAD06ED97C}.Debug|Any CPU.ActiveCfg = Debug|Any CPU
		{F12D39BD-6B51-4AC8-BCA7-F3CAD06ED97C}.Debug|Any CPU.Build.0 = Debug|Any CPU
		{F12D39BD-6B51-4AC8-BCA7-F3CAD06ED97C}.Release|Any CPU.ActiveCfg = Release|Any CPU
		{F12D39BD-6B51-4AC8-BCA7-F3CAD06ED97C}.Release|Any CPU.Build.0 = Release|Any CPU
	EndGlobalSection
	GlobalSection(SolutionProperties) = preSolution
		HideSolutionNode = FALSE
	EndGlobalSection
EndGlobal
